
Microsoft Visual Studio Solution File, Format Version 12.00
# Visual Studio 15
Project("{FAE04EC0-301F-11D3-BF4B-00C04F79EFBC}") = "Assembly-CSharp", "Assembly-CSharp.csproj", "{37871969-7A70-5429-8258-A687181B981F}"
EndProject
Project("{FAE04EC0-301F-11D3-BF4B-00C04F79EFBC}") = "Assembly-CSharp-Editor", "Assembly-CSharp-Editor.csproj", "{14568938-9964-8BC3-A901-D1EFB63C1A27}"
EndProject
Global
	GlobalSection(SolutionConfigurationPlatforms) = preSolution
		Debug|Any CPU = Debug|Any CPU
		Release|Any CPU = Release|Any CPU
	EndGlobalSection
	GlobalSection(ProjectConfigurationPlatforms) = postSolution
		{37871969-7A70-5429-8258-A687181B981F}.Debug|Any CPU.ActiveCfg = Debug|Any CPU
		{37871969-7A70-5429-8258-A687181B981F}.Debug|Any CPU.Build.0 = Debug|Any CPU
		{37871969-7A70-5429-8258-A687181B981F}.Release|Any CPU.ActiveCfg = Release|Any CPU
		{37871969-7A70-5429-8258-A687181B981F}.Release|Any CPU.Build.0 = Release|Any CPU
		{14568938-9964-8BC3-A901-D1EFB63C1A27}.Debug|Any CPU.ActiveCfg = Debug|Any CPU
		{14568938-9964-8BC3-A901-D1EFB63C1A27}.Debug|Any CPU.Build.0 = Debug|Any CPU
		{14568938-9964-8BC3-A901-D1EFB63C1A27}.Release|Any CPU.ActiveCfg = Release|Any CPU
		{14568938-9964-8BC3-A901-D1EFB63C1A27}.Release|Any CPU.Build.0 = Release|Any CPU
	EndGlobalSection
	GlobalSection(SolutionProperties) = preSolution
		HideSolutionNode = FALSE
	EndGlobalSection
EndGlobal
