
Microsoft Visual Studio Solution File, Format Version 12.00
# Visual Studio 15
Project("{FAE04EC0-301F-11D3-BF4B-00C04F79EFBC}") = "Assembly-CSharp", "Assembly-CSharp.csproj", "{329F43C1-FCDD-7333-6F7D-D1A4BE2B03AE}"
EndProject
Project("{FAE04EC0-301F-11D3-BF4B-00C04F79EFBC}") = "Assembly-CSharp-Editor", "Assembly-CSharp-Editor.csproj", "{EF501EF6-96CF-6278-B8CD-FAD734CFC305}"
EndProject
Global
	GlobalSection(SolutionConfigurationPlatforms) = preSolution
		Debug|Any CPU = Debug|Any CPU
		Release|Any CPU = Release|Any CPU
	EndGlobalSection
	GlobalSection(ProjectConfigurationPlatforms) = postSolution
		{329F43C1-FCDD-7333-6F7D-D1A4BE2B03AE}.Debug|Any CPU.ActiveCfg = Debug|Any CPU
		{329F43C1-FCDD-7333-6F7D-D1A4BE2B03AE}.Debug|Any CPU.Build.0 = Debug|Any CPU
		{329F43C1-FCDD-7333-6F7D-D1A4BE2B03AE}.Release|Any CPU.ActiveCfg = Release|Any CPU
		{329F43C1-FCDD-7333-6F7D-D1A4BE2B03AE}.Release|Any CPU.Build.0 = Release|Any CPU
		{EF501EF6-96CF-6278-B8CD-FAD734CFC305}.Debug|Any CPU.ActiveCfg = Debug|Any CPU
		{EF501EF6-96CF-6278-B8CD-FAD734CFC305}.Debug|Any CPU.Build.0 = Debug|Any CPU
		{EF501EF6-96CF-6278-B8CD-FAD734CFC305}.Release|Any CPU.ActiveCfg = Release|Any CPU
		{EF501EF6-96CF-6278-B8CD-FAD734CFC305}.Release|Any CPU.Build.0 = Release|Any CPU
	EndGlobalSection
	GlobalSection(SolutionProperties) = preSolution
		HideSolutionNode = FALSE
	EndGlobalSection
EndGlobal
